# @generated - this file is auto-generated by `mise lock` https://mise.jdx.dev/dev-tools/mise-lock.html

[[tools.cmake]]
version = "3.31.6"
backend = "aqua:Kitware/CMake"

[tools.cmake."platforms.linux-x64"]
url = "https://github.com/Kitware/CMake/releases/download/v3.31.6/cmake-3.31.6-linux-x86_64.tar.gz"
url_api = "https://api.github.com/repos/Kitware/CMake/releases/assets/232134864"

[tools.cmake."platforms.macos-arm64"]
url = "https://github.com/Kitware/CMake/releases/download/v3.31.6/cmake-3.31.6-macos-universal.tar.gz"
url_api = "https://api.github.com/repos/Kitware/CMake/releases/assets/232134909"

[[tools."github:j178/leetgo"]]
version = "1.4.17"
backend = "github:j178/leetgo"

[tools."github:j178/leetgo"."platforms.linux-x64"]
checksum = "sha256:fe18dc54f2784aded76ef1e04e6917d6d9d8731520bbe232328ba942b5b3c47b"
url = "https://github.com/j178/leetgo/releases/download/v1.4.17/leetgo_linux_x86_64.tar.gz"
url_api = "https://api.github.com/repos/j178/leetgo/releases/assets/388577721"

[tools."github:j178/leetgo"."platforms.macos-arm64"]
checksum = "sha256:6484df375dac8008320f7bedc2ca9e02ff01a5fe3f65e18ba37bda3cf0563e94"
url = "https://github.com/j178/leetgo/releases/download/v1.4.17/leetgo_macOS_arm64.tar.gz"
url_api = "https://api.github.com/repos/j178/leetgo/releases/assets/388577730"

[[tools.go]]
version = "1.26.5"
backend = "core:go"

[tools.go."platforms.linux-x64"]
checksum = "sha256:5c2c3b16caefa1d968a94c1daca04a7ca301a496d9b086e17ad77bb81393f053"
url = "https://dl.google.com/go/go1.26.5.linux-amd64.tar.gz"

[tools.go."platforms.macos-arm64"]
checksum = "sha256:efb87ff28af9a188d0536ef5d42e63dd52ba8263cd7344a993cc48dd11dedb6a"
url = "https://dl.google.com/go/go1.26.5.darwin-arm64.tar.gz"

[[tools.java]]
version = "temurin-21.0.12+8.0.LTS"
backend = "core:java"

[tools.java."platforms.linux-x64"]
checksum = "sha256:e4446ff06a276155697597cc0f1b15da004ff083f4964a35271ecee567177370"
url = "https://github.com/adoptium/temurin21-binaries/releases/download/jdk-21.0.12%2B8/OpenJDK21U-jdk_x64_linux_hotspot_21.0.12_8.tar.gz"

[tools.java."platforms.macos-arm64"]
checksum = "sha256:021d629349ebc12a409faa517b837ec80ceee8f58a5ac85c788ecad07ca6881c"
url = "https://github.com/adoptium/temurin21-binaries/releases/download/jdk-21.0.12%2B8/OpenJDK21U-jdk_aarch64_mac_hotspot_21.0.12_8.tar.gz"

[[tools.maven]]
version = "3.9.9"
backend = "aqua:apache/maven"

[tools.maven."platforms.linux-x64"]
checksum = "sha512:a555254d6b53d267965a3404ecb14e53c3827c09c3b94b5678835887ab404556bfaf78dcfe03ba76fa2508649dca8531c74bca4d5846513522404d48e8c4ac8b"
url = "https://archive.apache.org/dist/maven/maven-3/3.9.9/binaries/apache-maven-3.9.9-bin.tar.gz"

[tools.maven."platforms.macos-arm64"]
checksum = "sha512:a555254d6b53d267965a3404ecb14e53c3827c09c3b94b5678835887ab404556bfaf78dcfe03ba76fa2508649dca8531c74bca4d5846513522404d48e8c4ac8b"
url = "https://archive.apache.org/dist/maven/maven-3/3.9.9/binaries/apache-maven-3.9.9-bin.tar.gz"

[[tools.ninja]]
version = "1.12.1"
backend = "aqua:ninja-build/ninja"

[tools.ninja."platforms.linux-x64"]
url = "https://github.com/ninja-build/ninja/releases/download/v1.12.1/ninja-linux.zip"
url_api = "https://api.github.com/repos/ninja-build/ninja/releases/assets/167333509"

[tools.ninja."platforms.macos-arm64"]
url = "https://github.com/ninja-build/ninja/releases/download/v1.12.1/ninja-mac.zip"
url_api = "https://api.github.com/repos/ninja-build/ninja/releases/assets/167333196"

[[tools.python]]
version = "3.13.5"
backend = "core:python"

[tools.python."platforms.linux-x64"]
checksum = "sha256:f7ac16748be2674ec14df532a3e48d0c6f215017b537f14ca3feb837dbe86292"
url = "https://github.com/astral-sh/python-build-standalone/releases/download/20250723/cpython-3.13.5+20250723-x86_64-unknown-linux-gnu-install_only_stripped.tar.gz"
provenance = "github-attestations"

[tools.python."platforms.macos-arm64"]
checksum = "blake3:1d3df4e58543352e70145377e3e38f5774c8dcfb816fdb47959bb35941f25359"
url = "https://github.com/astral-sh/python-build-standalone/releases/download/20250723/cpython-3.13.5+20250723-aarch64-apple-darwin-install_only_stripped.tar.gz"
provenance = "github-attestations"

[[tools.shellcheck]]
version = "0.10.0"
backend = "aqua:koalaman/shellcheck"

[tools.shellcheck."platforms.linux-x64"]
url = "https://github.com/koalaman/shellcheck/releases/download/v0.10.0/shellcheck-v0.10.0.linux.x86_64.tar.xz"
url_api = "https://api.github.com/repos/koalaman/shellcheck/releases/assets/155543215"

[tools.shellcheck."platforms.macos-arm64"]
url = "https://github.com/koalaman/shellcheck/releases/download/v0.10.0/shellcheck-v0.10.0.darwin.aarch64.tar.xz"
url_api = "https://api.github.com/repos/koalaman/shellcheck/releases/assets/155543213"

[[tools.shfmt]]
version = "3.10.0"
backend = "aqua:mvdan/sh"

[tools.shfmt."platforms.linux-x64"]
checksum = "sha256:1f57a384d59542f8fac5f503da1f3ea44242f46dff969569e80b524d64b71dbc"
url = "https://github.com/mvdan/sh/releases/download/v3.10.0/shfmt_v3.10.0_linux_amd64"
url_api = "https://api.github.com/repos/mvdan/sh/releases/assets/200478166"

[tools.shfmt."platforms.macos-arm64"]
checksum = "sha256:86030533a823c0a7cd92dee0f74094e5b901c3277b43def6337d5e19e56fe553"
url = "https://github.com/mvdan/sh/releases/download/v3.10.0/shfmt_v3.10.0_darwin_arm64"
url_api = "https://api.github.com/repos/mvdan/sh/releases/assets/200478162"

[[tools.uv]]
version = "0.8.15"
backend = "aqua:astral-sh/uv"

[tools.uv."platforms.linux-x64"]
checksum = "sha256:d0fec58f3124e05e0a1af0f6541abfce4333253cdaf23c7b6bb2e6128bf138ea"
url = "https://github.com/astral-sh/uv/releases/download/0.8.15/uv-x86_64-unknown-linux-musl.tar.gz"
url_api = "https://api.github.com/repos/astral-sh/uv/releases/assets/289235475"

[tools.uv."platforms.macos-arm64"]
checksum = "sha256:103367962c5cb00bf7370d84cbaa3fec5a9807be9cc833ea9d8eea400c119fa2"
url = "https://github.com/astral-sh/uv/releases/download/0.8.15/uv-aarch64-apple-darwin.tar.gz"
url_api = "https://api.github.com/repos/astral-sh/uv/releases/assets/289235412"
