version = 1
revision = 3
requires-python = ">=3.12, <3.15"

[[package]]
name = "opentelemetry-api"
version = "1.43.0"
source = { registry = "https://pypi.org/simple" }
dependencies = [
    { name = "typing-extensions" },
]
sdist = { url = "https://files.pythonhosted.org/packages/ae/cc/e4c9584181f86494df0f6bdec1a4f3280c50db44704dc2a407e994fc87bb/opentelemetry_api-1.43.0.tar.gz", hash = "sha256:107d0d03857ea8fc7c5fcbbbd83f800c281f0d560553d61c1d675fccfd1761c1", size = 73476, upload-time = "2026-06-24T15:19:55.323Z" }
wheels = [
    { url = "https://files.pythonhosted.org/packages/17/83/6dba32b85f31868400440dc7ad2ca1eab94cbbf3a7b0459ed39f8311a9e2/opentelemetry_api-1.43.0-py3-none-any.whl", hash = "sha256:20acf45e9b21851926835292e4045d290acade1edd2ff3de86d2f069687ba1fd", size = 61912, upload-time = "2026-06-24T15:19:35.434Z" },
]

[[package]]
name = "opentelemetry-sdk"
version = "1.43.0"
source = { registry = "https://pypi.org/simple" }
dependencies = [
    { name = "opentelemetry-api" },
    { name = "opentelemetry-semantic-conventions" },
    { name = "typing-extensions" },
]
sdist = { url = "https://files.pythonhosted.org/packages/3e/eb/5041074274ac0956b03637cc039d434569112468e875eddfcc9a0674ce06/opentelemetry_sdk-1.43.0.tar.gz", hash = "sha256:d8187c81c162df9913e4003dd6485f7390d9a24fc17026ec7387b8b8218b08e9", size = 254744, upload-time = "2026-06-24T15:20:08.467Z" }
wheels = [
    { url = "https://files.pythonhosted.org/packages/49/e3/b17be23af124201c9f52eececd4cc8ddfed1597d37b4ee771895d325805c/opentelemetry_sdk-1.43.0-py3-none-any.whl", hash = "sha256:d1323a547c1ce69d6a069a17a44b7da82bb8b332051ecb074041f87642c86823", size = 178852, upload-time = "2026-06-24T15:19:52.169Z" },
]

[[package]]
name = "opentelemetry-semantic-conventions"
version = "0.64b0"
source = { registry = "https://pypi.org/simple" }
dependencies = [
    { name = "opentelemetry-api" },
    { name = "typing-extensions" },
]
sdist = { url = "https://files.pythonhosted.org/packages/5a/30/5f26df29509eccd86b99b481ac9ffa39da49ba9577cc69071c552ae30447/opentelemetry_semantic_conventions-0.64b0.tar.gz", hash = "sha256:72f76fb2d1582d9d033dd1fcd84532e961e6ff3d90d24ba6fabc72975a83864c", size = 148340, upload-time = "2026-06-24T15:20:09.267Z" }
wheels = [
    { url = "https://files.pythonhosted.org/packages/f2/ca/23ba87a221b574a7c5a99d48849d80bfe8b047624681357e2b002e566187/opentelemetry_semantic_conventions-0.64b0-py3-none-any.whl", hash = "sha256:ea77e85e354b8f604ddbe5f3d9135216f982fa4d77e5859ac30f6d8a50505aa6", size = 203713, upload-time = "2026-06-24T15:19:53.339Z" },
]

[[package]]
name = "prometheus-client"
version = "0.25.0"
source = { registry = "https://pypi.org/simple" }
sdist = { url = "https://files.pythonhosted.org/packages/1b/fb/d9aa83ffe43ce1f19e557c0971d04b90561b0cfd50762aafb01968285553/prometheus_client-0.25.0.tar.gz", hash = "sha256:5e373b75c31afb3c86f1a52fa1ad470c9aace18082d39ec0d2f918d11cc9ba28", size = 86035, upload-time = "2026-04-09T19:53:42.359Z" }
wheels = [
    { url = "https://files.pythonhosted.org/packages/8d/9b/d4b1e644385499c8346fa9b622a3f030dce14cd6ef8a1871c221a17a67e7/prometheus_client-0.25.0-py3-none-any.whl", hash = "sha256:d5aec89e349a6ec230805d0df882f3807f74fd6c1a2fa86864e3c2279059fed1", size = 64154, upload-time = "2026-04-09T19:53:41.324Z" },
]

[[package]]
name = "python-observability-lab"
version = "0.1.0"
source = { virtual = "." }
dependencies = [
    { name = "opentelemetry-sdk" },
    { name = "prometheus-client" },
]

[package.metadata]
requires-dist = [
    { name = "opentelemetry-sdk", specifier = ">=1.27,<2" },
    { name = "prometheus-client", specifier = ">=0.21,<1" },
]

[[package]]
name = "typing-extensions"
version = "4.16.0"
source = { registry = "https://pypi.org/simple" }
sdist = { url = "https://files.pythonhosted.org/packages/f6/cc/6253133b5bb138fc3306cebfbda2c520f545d36b5be2c7255cc528bb45d6/typing_extensions-4.16.0.tar.gz", hash = "sha256:dc983d19a509c94dba722ee6abd33940f7c05a89e243c47e907eb4db6f1a43e5", size = 113555, upload-time = "2026-07-02T08:40:05.92Z" }
wheels = [
    { url = "https://files.pythonhosted.org/packages/49/d3/b8441a820a491ddfc024b0b0cf0393375b75ea13866d9c66727e54c2fc80/typing_extensions-4.16.0-py3-none-any.whl", hash = "sha256:481caa481374e813c1b176ada14e97f1f67a4539ce9cfeb3f350d78d6370c2e8", size = 45571, upload-time = "2026-07-02T08:40:04.659Z" },
]
