version = 1
revision = 3
requires-python = ">=3.12, <3.15"
resolution-markers = [
    "python_full_version >= '3.13'",
    "python_full_version < '3.13'",
]

[[package]]
name = "blinker"
version = "1.9.0"
source = { registry = "https://pypi.org/simple" }
sdist = { url = "https://files.pythonhosted.org/packages/21/28/9b3f50ce0e048515135495f198351908d99540d69bfdc8c1d15b73dc55ce/blinker-1.9.0.tar.gz", hash = "sha256:b4ce2265a7abece45e7cc896e98dbebe6cead56bcf805a3d23136d145f5445bf", size = 22460, upload-time = "2024-11-08T17:25:47.436Z" }
wheels = [
    { url = "https://files.pythonhosted.org/packages/10/cb/f2ad4230dc2eb1a74edf38f1a38b9b52277f75bef262d8908e60d957e13c/blinker-1.9.0-py3-none-any.whl", hash = "sha256:ba0efaa9080b619ff2f3459d1d500c57bddea4a6b424b60a91141db6fd2f08bc", size = 8458, upload-time = "2024-11-08T17:25:46.184Z" },
]

[[package]]
name = "click"
version = "8.4.2"
source = { registry = "https://pypi.org/simple" }
dependencies = [
    { name = "colorama", marker = "sys_platform == 'win32'" },
]
sdist = { url = "https://files.pythonhosted.org/packages/76/d4/81420972a676e8ffea40450d8c8c92943e7218a78fe9b64359836cc9876b/click-8.4.2.tar.gz", hash = "sha256:9a6cea6e60b17ebe0a44c5cc636d94f09bd66142c1cd7d8b4cd731c4917a15f6", size = 338000, upload-time = "2026-06-24T17:45:15.148Z" }
wheels = [
    { url = "https://files.pythonhosted.org/packages/fb/e2/79c688af8b210d232694e31e59da9f6ec747bae31c3f5946e4e9b98860d5/click-8.4.2-py3-none-any.whl", hash = "sha256:e6f9f66136c816745b9d65817da91d61d957fb16e02e4dcd0552553c5a197b76", size = 119243, upload-time = "2026-06-24T17:45:13.73Z" },
]

[[package]]
name = "colorama"
version = "0.4.6"
source = { registry = "https://pypi.org/simple" }
sdist = { url = "https://files.pythonhosted.org/packages/d8/53/6f443c9a4a8358a93a6792e2acffb9d9d5cb0a5cfd8802644b7b1c9a02e4/colorama-0.4.6.tar.gz", hash = "sha256:08695f5cb7ed6e0531a20572697297273c47b8cae5a63ffc6d6ed5c201be6e44", size = 27697, upload-time = "2022-10-25T02:36:22.414Z" }
wheels = [
    { url = "https://files.pythonhosted.org/packages/d1/d6/3965ed04c63042e047cb6a3e6ed1a63a35087b6a609aa3a15ed8ac56c221/colorama-0.4.6-py2.py3-none-any.whl", hash = "sha256:4f1d9991f5acc0ca119f9d443620b77f9d6b33703e51011c16baf57afb285fc6", size = 25335, upload-time = "2022-10-25T02:36:20.889Z" },
]

[[package]]
name = "flask"
version = "3.1.3"
source = { registry = "https://pypi.org/simple" }
dependencies = [
    { name = "blinker" },
    { name = "click" },
    { name = "itsdangerous" },
    { name = "jinja2" },
    { name = "markupsafe" },
    { name = "werkzeug" },
]
sdist = { url = "https://files.pythonhosted.org/packages/26/00/35d85dcce6c57fdc871f3867d465d780f302a175ea360f62533f12b27e2b/flask-3.1.3.tar.gz", hash = "sha256:0ef0e52b8a9cd932855379197dd8f94047b359ca0a78695144304cb45f87c9eb", size = 759004, upload-time = "2026-02-19T05:00:57.678Z" }
wheels = [
    { url = "https://files.pythonhosted.org/packages/7f/9c/34f6962f9b9e9c71f6e5ed806e0d0ff03c9d1b0b2340088a0cf4bce09b18/flask-3.1.3-py3-none-any.whl", hash = "sha256:f4bcbefc124291925f1a26446da31a5178f9483862233b23c0c96a20701f670c", size = 103424, upload-time = "2026-02-19T05:00:56.027Z" },
]

[[package]]
name = "hupper"
version = "1.12.1"
source = { registry = "https://pypi.org/simple" }
sdist = { url = "https://files.pythonhosted.org/packages/bd/e6/bb064537288eee2be97f3e0fcad8e7242bc5bbe9664ae57c7d29b3fa18c2/hupper-1.12.1.tar.gz", hash = "sha256:06bf54170ff4ecf4c84ad5f188dee3901173ab449c2608ad05b9bfd6b13e32eb", size = 43231, upload-time = "2024-01-26T09:14:57.294Z" }
wheels = [
    { url = "https://files.pythonhosted.org/packages/86/7d/3888833e4f5ea56af4a9935066ec09a83228e533d7b8877f65889d706ee4/hupper-1.12.1-py3-none-any.whl", hash = "sha256:e872b959f09d90be5fb615bd2e62de89a0b57efc037bdf9637fb09cdf8552b19", size = 22830, upload-time = "2024-01-26T09:14:55.176Z" },
]

[[package]]
name = "itsdangerous"
version = "2.2.0"
source = { registry = "https://pypi.org/simple" }
sdist = { url = "https://files.pythonhosted.org/packages/9c/cb/8ac0172223afbccb63986cc25049b154ecfb5e85932587206f42317be31d/itsdangerous-2.2.0.tar.gz", hash = "sha256:e0050c0b7da1eea53ffaf149c0cfbb5c6e2e2b69c4bef22c81fa6eb73e5f6173", size = 54410, upload-time = "2024-04-16T21:28:15.614Z" }
wheels = [
    { url = "https://files.pythonhosted.org/packages/04/96/92447566d16df59b2a776c0fb82dbc4d9e07cd95062562af01e408583fc4/itsdangerous-2.2.0-py3-none-any.whl", hash = "sha256:c6242fc49e35958c8b15141343aa660db5fc54d4f13a1db01a3f5891b98700ef", size = 16234, upload-time = "2024-04-16T21:28:14.499Z" },
]

[[package]]
name = "jinja2"
version = "3.1.6"
source = { registry = "https://pypi.org/simple" }
dependencies = [
    { name = "markupsafe" },
]
sdist = { url = "https://files.pythonhosted.org/packages/df/bf/f7da0350254c0ed7c72f3e33cef02e048281fec7ecec5f032d4aac52226b/jinja2-3.1.6.tar.gz", hash = "sha256:0137fb05990d35f1275a587e9aee6d56da821fc83491a0fb838183be43f66d6d", size = 245115, upload-time = "2025-03-05T20:05:02.478Z" }
wheels = [
    { url = "https://files.pythonhosted.org/packages/62/a1/3d680cbfd5f4b8f15abc1d571870c5fc3e594bb582bc3b64ea099db13e56/jinja2-3.1.6-py3-none-any.whl", hash = "sha256:85ece4451f492d0c13c5dd7c13a64681a86afae63a5f347908daf103ce6d2f67", size = 134899, upload-time = "2025-03-05T20:05:00.369Z" },
]

[[package]]
name = "legacy-cgi"
version = "2.6.4"
source = { registry = "https://pypi.org/simple" }
sdist = { url = "https://files.pythonhosted.org/packages/f4/9c/91c7d2c5ebbdf0a1a510bfa0ddeaa2fbb5b78677df5ac0a0aa51cf7125b0/legacy_cgi-2.6.4.tar.gz", hash = "sha256:abb9dfc7835772f7c9317977c63253fd22a7484b5c9bbcdca60a29dcce97c577", size = 24603, upload-time = "2025-10-27T05:20:05.395Z" }
wheels = [
    { url = "https://files.pythonhosted.org/packages/8c/7e/e7394eeb49a41cc514b3eb49020223666cbf40d86f5721c2f07871e6d84a/legacy_cgi-2.6.4-py3-none-any.whl", hash = "sha256:7e235ce58bf1e25d1fc9b2d299015e4e2cd37305eccafec1e6bac3fc04b878cd", size = 20035, upload-time = "2025-10-27T05:20:04.289Z" },
]

[[package]]
name = "markupsafe"
version = "3.0.3"
source = { registry = "https://pypi.org/simple" }
sdist = { url = "https://files.pythonhosted.org/packages/7e/99/7690b6d4034fffd95959cbe0c02de8deb3098cc577c67bb6a24fe5d7caa7/markupsafe-3.0.3.tar.gz", hash = "sha256:722695808f4b6457b320fdc131280796bdceb04ab50fe1795cd540799ebe1698", size = 80313, upload-time = "2025-09-27T18:37:40.426Z" }
wheels = [
    { url = "https://files.pythonhosted.org/packages/5a/72/147da192e38635ada20e0a2e1a51cf8823d2119ce8883f7053879c2199b5/markupsafe-3.0.3-cp312-cp312-macosx_10_13_x86_64.whl", hash = "sha256:d53197da72cc091b024dd97249dfc7794d6a56530370992a5e1a08983ad9230e", size = 11615, upload-time = "2025-09-27T18:36:30.854Z" },
    { url = "https://files.pythonhosted.org/packages/9a/81/7e4e08678a1f98521201c3079f77db69fb552acd56067661f8c2f534a718/markupsafe-3.0.3-cp312-cp312-macosx_11_0_arm64.whl", hash = "sha256:1872df69a4de6aead3491198eaf13810b565bdbeec3ae2dc8780f14458ec73ce", size = 12020, upload-time = "2025-09-27T18:36:31.971Z" },
    { url = "https://files.pythonhosted.org/packages/1e/2c/799f4742efc39633a1b54a92eec4082e4f815314869865d876824c257c1e/markupsafe-3.0.3-cp312-cp312-manylinux2014_aarch64.manylinux_2_17_aarch64.manylinux_2_28_aarch64.whl", hash = "sha256:3a7e8ae81ae39e62a41ec302f972ba6ae23a5c5396c8e60113e9066ef893da0d", size = 24332, upload-time = "2025-09-27T18:36:32.813Z" },
    { url = "https://files.pythonhosted.org/packages/3c/2e/8d0c2ab90a8c1d9a24f0399058ab8519a3279d1bd4289511d74e909f060e/markupsafe-3.0.3-cp312-cp312-manylinux2014_x86_64.manylinux_2_17_x86_64.manylinux_2_28_x86_64.whl", hash = "sha256:d6dd0be5b5b189d31db7cda48b91d7e0a9795f31430b7f271219ab30f1d3ac9d", size = 22947, upload-time = "2025-09-27T18:36:33.86Z" },
    { url = "https://files.pythonhosted.org/packages/2c/54/887f3092a85238093a0b2154bd629c89444f395618842e8b0c41783898ea/markupsafe-3.0.3-cp312-cp312-manylinux_2_31_riscv64.manylinux_2_39_riscv64.whl", hash = "sha256:94c6f0bb423f739146aec64595853541634bde58b2135f27f61c1ffd1cd4d16a", size = 21962, upload-time = "2025-09-27T18:36:35.099Z" },
    { url = "https://files.pythonhosted.org/packages/c9/2f/336b8c7b6f4a4d95e91119dc8521402461b74a485558d8f238a68312f11c/markupsafe-3.0.3-cp312-cp312-musllinux_1_2_aarch64.whl", hash = "sha256:be8813b57049a7dc738189df53d69395eba14fb99345e0a5994914a3864c8a4b", size = 23760, upload-time = "2025-09-27T18:36:36.001Z" },
    { url = "https://files.pythonhosted.org/packages/32/43/67935f2b7e4982ffb50a4d169b724d74b62a3964bc1a9a527f5ac4f1ee2b/markupsafe-3.0.3-cp312-cp312-musllinux_1_2_riscv64.whl", hash = "sha256:83891d0e9fb81a825d9a6d61e3f07550ca70a076484292a70fde82c4b807286f", size = 21529, upload-time = "2025-09-27T18:36:36.906Z" },
    { url = "https://files.pythonhosted.org/packages/89/e0/4486f11e51bbba8b0c041098859e869e304d1c261e59244baa3d295d47b7/markupsafe-3.0.3-cp312-cp312-musllinux_1_2_x86_64.whl", hash = "sha256:77f0643abe7495da77fb436f50f8dab76dbc6e5fd25d39589a0f1fe6548bfa2b", size = 23015, upload-time = "2025-09-27T18:36:37.868Z" },
    { url = "https://files.pythonhosted.org/packages/2f/e1/78ee7a023dac597a5825441ebd17170785a9dab23de95d2c7508ade94e0e/markupsafe-3.0.3-cp312-cp312-win32.whl", hash = "sha256:d88b440e37a16e651bda4c7c2b930eb586fd15ca7406cb39e211fcff3bf3017d", size = 14540, upload-time = "2025-09-27T18:36:38.761Z" },
    { url = "https://files.pythonhosted.org/packages/aa/5b/bec5aa9bbbb2c946ca2733ef9c4ca91c91b6a24580193e891b5f7dbe8e1e/markupsafe-3.0.3-cp312-cp312-win_amd64.whl", hash = "sha256:26a5784ded40c9e318cfc2bdb30fe164bdb8665ded9cd64d500a34fb42067b1c", size = 15105, upload-time = "2025-09-27T18:36:39.701Z" },
    { url = "https://files.pythonhosted.org/packages/e5/f1/216fc1bbfd74011693a4fd837e7026152e89c4bcf3e77b6692fba9923123/markupsafe-3.0.3-cp312-cp312-win_arm64.whl", hash = "sha256:35add3b638a5d900e807944a078b51922212fb3dedb01633a8defc4b01a3c85f", size = 13906, upload-time = "2025-09-27T18:36:40.689Z" },
    { url = "https://files.pythonhosted.org/packages/38/2f/907b9c7bbba283e68f20259574b13d005c121a0fa4c175f9bed27c4597ff/markupsafe-3.0.3-cp313-cp313-macosx_10_13_x86_64.whl", hash = "sha256:e1cf1972137e83c5d4c136c43ced9ac51d0e124706ee1c8aa8532c1287fa8795", size = 11622, upload-time = "2025-09-27T18:36:41.777Z" },
    { url = "https://files.pythonhosted.org/packages/9c/d9/5f7756922cdd676869eca1c4e3c0cd0df60ed30199ffd775e319089cb3ed/markupsafe-3.0.3-cp313-cp313-macosx_11_0_arm64.whl", hash = "sha256:116bb52f642a37c115f517494ea5feb03889e04df47eeff5b130b1808ce7c219", size = 12029, upload-time = "2025-09-27T18:36:43.257Z" },
    { url = "https://files.pythonhosted.org/packages/00/07/575a68c754943058c78f30db02ee03a64b3c638586fba6a6dd56830b30a3/markupsafe-3.0.3-cp313-cp313-manylinux2014_aarch64.manylinux_2_17_aarch64.manylinux_2_28_aarch64.whl", hash = "sha256:133a43e73a802c5562be9bbcd03d090aa5a1fe899db609c29e8c8d815c5f6de6", size = 24374, upload-time = "2025-09-27T18:36:44.508Z" },
    { url = "https://files.pythonhosted.org/packages/a9/21/9b05698b46f218fc0e118e1f8168395c65c8a2c750ae2bab54fc4bd4e0e8/markupsafe-3.0.3-cp313-cp313-manylinux2014_x86_64.manylinux_2_17_x86_64.manylinux_2_28_x86_64.whl", hash = "sha256:ccfcd093f13f0f0b7fdd0f198b90053bf7b2f02a3927a30e63f3ccc9df56b676", size = 22980, upload-time = "2025-09-27T18:36:45.385Z" },
    { url = "https://files.pythonhosted.org/packages/7f/71/544260864f893f18b6827315b988c146b559391e6e7e8f7252839b1b846a/markupsafe-3.0.3-cp313-cp313-manylinux_2_31_riscv64.manylinux_2_39_riscv64.whl", hash = "sha256:509fa21c6deb7a7a273d629cf5ec029bc209d1a51178615ddf718f5918992ab9", size = 21990, upload-time = "2025-09-27T18:36:46.916Z" },
    { url = "https://files.pythonhosted.org/packages/c2/28/b50fc2f74d1ad761af2f5dcce7492648b983d00a65b8c0e0cb457c82ebbe/markupsafe-3.0.3-cp313-cp313-musllinux_1_2_aarch64.whl", hash = "sha256:a4afe79fb3de0b7097d81da19090f4df4f8d3a2b3adaa8764138aac2e44f3af1", size = 23784, upload-time = "2025-09-27T18:36:47.884Z" },
    { url = "https://files.pythonhosted.org/packages/ed/76/104b2aa106a208da8b17a2fb72e033a5a9d7073c68f7e508b94916ed47a9/markupsafe-3.0.3-cp313-cp313-musllinux_1_2_riscv64.whl", hash = "sha256:795e7751525cae078558e679d646ae45574b47ed6e7771863fcc079a6171a0fc", size = 21588, upload-time = "2025-09-27T18:36:48.82Z" },
    { url = "https://files.pythonhosted.org/packages/b5/99/16a5eb2d140087ebd97180d95249b00a03aa87e29cc224056274f2e45fd6/markupsafe-3.0.3-cp313-cp313-musllinux_1_2_x86_64.whl", hash = "sha256:8485f406a96febb5140bfeca44a73e3ce5116b2501ac54fe953e488fb1d03b12", size = 23041, upload-time = "2025-09-27T18:36:49.797Z" },
    { url = "https://files.pythonhosted.org/packages/19/bc/e7140ed90c5d61d77cea142eed9f9c303f4c4806f60a1044c13e3f1471d0/markupsafe-3.0.3-cp313-cp313-win32.whl", hash = "sha256:bdd37121970bfd8be76c5fb069c7751683bdf373db1ed6c010162b2a130248ed", size = 14543, upload-time = "2025-09-27T18:36:51.584Z" },
    { url = "https://files.pythonhosted.org/packages/05/73/c4abe620b841b6b791f2edc248f556900667a5a1cf023a6646967ae98335/markupsafe-3.0.3-cp313-cp313-win_amd64.whl", hash = "sha256:9a1abfdc021a164803f4d485104931fb8f8c1efd55bc6b748d2f5774e78b62c5", size = 15113, upload-time = "2025-09-27T18:36:52.537Z" },
    { url = "https://files.pythonhosted.org/packages/f0/3a/fa34a0f7cfef23cf9500d68cb7c32dd64ffd58a12b09225fb03dd37d5b80/markupsafe-3.0.3-cp313-cp313-win_arm64.whl", hash = "sha256:7e68f88e5b8799aa49c85cd116c932a1ac15caaa3f5db09087854d218359e485", size = 13911, upload-time = "2025-09-27T18:36:53.513Z" },
    { url = "https://files.pythonhosted.org/packages/e4/d7/e05cd7efe43a88a17a37b3ae96e79a19e846f3f456fe79c57ca61356ef01/markupsafe-3.0.3-cp313-cp313t-macosx_10_13_x86_64.whl", hash = "sha256:218551f6df4868a8d527e3062d0fb968682fe92054e89978594c28e642c43a73", size = 11658, upload-time = "2025-09-27T18:36:54.819Z" },
    { url = "https://files.pythonhosted.org/packages/99/9e/e412117548182ce2148bdeacdda3bb494260c0b0184360fe0d56389b523b/markupsafe-3.0.3-cp313-cp313t-macosx_11_0_arm64.whl", hash = "sha256:3524b778fe5cfb3452a09d31e7b5adefeea8c5be1d43c4f810ba09f2ceb29d37", size = 12066, upload-time = "2025-09-27T18:36:55.714Z" },
    { url = "https://files.pythonhosted.org/packages/bc/e6/fa0ffcda717ef64a5108eaa7b4f5ed28d56122c9a6d70ab8b72f9f715c80/markupsafe-3.0.3-cp313-cp313t-manylinux2014_aarch64.manylinux_2_17_aarch64.manylinux_2_28_aarch64.whl", hash = "sha256:4e885a3d1efa2eadc93c894a21770e4bc67899e3543680313b09f139e149ab19", size = 25639, upload-time = "2025-09-27T18:36:56.908Z" },
    { url = "https://files.pythonhosted.org/packages/96/ec/2102e881fe9d25fc16cb4b25d5f5cde50970967ffa5dddafdb771237062d/markupsafe-3.0.3-cp313-cp313t-manylinux2014_x86_64.manylinux_2_17_x86_64.manylinux_2_28_x86_64.whl", hash = "sha256:8709b08f4a89aa7586de0aadc8da56180242ee0ada3999749b183aa23df95025", size = 23569, upload-time = "2025-09-27T18:36:57.913Z" },
    { url = "https://files.pythonhosted.org/packages/4b/30/6f2fce1f1f205fc9323255b216ca8a235b15860c34b6798f810f05828e32/markupsafe-3.0.3-cp313-cp313t-manylinux_2_31_riscv64.manylinux_2_39_riscv64.whl", hash = "sha256:b8512a91625c9b3da6f127803b166b629725e68af71f8184ae7e7d54686a56d6", size = 23284, upload-time = "2025-09-27T18:36:58.833Z" },
    { url = "https://files.pythonhosted.org/packages/58/47/4a0ccea4ab9f5dcb6f79c0236d954acb382202721e704223a8aafa38b5c8/markupsafe-3.0.3-cp313-cp313t-musllinux_1_2_aarch64.whl", hash = "sha256:9b79b7a16f7fedff2495d684f2b59b0457c3b493778c9eed31111be64d58279f", size = 24801, upload-time = "2025-09-27T18:36:59.739Z" },
    { url = "https://files.pythonhosted.org/packages/6a/70/3780e9b72180b6fecb83a4814d84c3bf4b4ae4bf0b19c27196104149734c/markupsafe-3.0.3-cp313-cp313t-musllinux_1_2_riscv64.whl", hash = "sha256:12c63dfb4a98206f045aa9563db46507995f7ef6d83b2f68eda65c307c6829eb", size = 22769, upload-time = "2025-09-27T18:37:00.719Z" },
    { url = "https://files.pythonhosted.org/packages/98/c5/c03c7f4125180fc215220c035beac6b9cb684bc7a067c84fc69414d315f5/markupsafe-3.0.3-cp313-cp313t-musllinux_1_2_x86_64.whl", hash = "sha256:8f71bc33915be5186016f675cd83a1e08523649b0e33efdb898db577ef5bb009", size = 23642, upload-time = "2025-09-27T18:37:01.673Z" },
    { url = "https://files.pythonhosted.org/packages/80/d6/2d1b89f6ca4bff1036499b1e29a1d02d282259f3681540e16563f27ebc23/markupsafe-3.0.3-cp313-cp313t-win32.whl", hash = "sha256:69c0b73548bc525c8cb9a251cddf1931d1db4d2258e9599c28c07ef3580ef354", size = 14612, upload-time = "2025-09-27T18:37:02.639Z" },
    { url = "https://files.pythonhosted.org/packages/2b/98/e48a4bfba0a0ffcf9925fe2d69240bfaa19c6f7507b8cd09c70684a53c1e/markupsafe-3.0.3-cp313-cp313t-win_amd64.whl", hash = "sha256:1b4b79e8ebf6b55351f0d91fe80f893b4743f104bff22e90697db1590e47a218", size = 15200, upload-time = "2025-09-27T18:37:03.582Z" },
    { url = "https://files.pythonhosted.org/packages/0e/72/e3cc540f351f316e9ed0f092757459afbc595824ca724cbc5a5d4263713f/markupsafe-3.0.3-cp313-cp313t-win_arm64.whl", hash = "sha256:ad2cf8aa28b8c020ab2fc8287b0f823d0a7d8630784c31e9ee5edea20f406287", size = 13973, upload-time = "2025-09-27T18:37:04.929Z" },
    { url = "https://files.pythonhosted.org/packages/33/8a/8e42d4838cd89b7dde187011e97fe6c3af66d8c044997d2183fbd6d31352/markupsafe-3.0.3-cp314-cp314-macosx_10_13_x86_64.whl", hash = "sha256:eaa9599de571d72e2daf60164784109f19978b327a3910d3e9de8c97b5b70cfe", size = 11619, upload-time = "2025-09-27T18:37:06.342Z" },
    { url = "https://files.pythonhosted.org/packages/b5/64/7660f8a4a8e53c924d0fa05dc3a55c9cee10bbd82b11c5afb27d44b096ce/markupsafe-3.0.3-cp314-cp314-macosx_11_0_arm64.whl", hash = "sha256:c47a551199eb8eb2121d4f0f15ae0f923d31350ab9280078d1e5f12b249e0026", size = 12029, upload-time = "2025-09-27T18:37:07.213Z" },
    { url = "https://files.pythonhosted.org/packages/da/ef/e648bfd021127bef5fa12e1720ffed0c6cbb8310c8d9bea7266337ff06de/markupsafe-3.0.3-cp314-cp314-manylinux2014_aarch64.manylinux_2_17_aarch64.manylinux_2_28_aarch64.whl", hash = "sha256:f34c41761022dd093b4b6896d4810782ffbabe30f2d443ff5f083e0cbbb8c737", size = 24408, upload-time = "2025-09-27T18:37:09.572Z" },
    { url = "https://files.pythonhosted.org/packages/41/3c/a36c2450754618e62008bf7435ccb0f88053e07592e6028a34776213d877/markupsafe-3.0.3-cp314-cp314-manylinux2014_x86_64.manylinux_2_17_x86_64.manylinux_2_28_x86_64.whl", hash = "sha256:457a69a9577064c05a97c41f4e65148652db078a3a509039e64d3467b9e7ef97", size = 23005, upload-time = "2025-09-27T18:37:10.58Z" },
    { url = "https://files.pythonhosted.org/packages/bc/20/b7fdf89a8456b099837cd1dc21974632a02a999ec9bf7ca3e490aacd98e7/markupsafe-3.0.3-cp314-cp314-manylinux_2_31_riscv64.manylinux_2_39_riscv64.whl", hash = "sha256:e8afc3f2ccfa24215f8cb28dcf43f0113ac3c37c2f0f0806d8c70e4228c5cf4d", size = 22048, upload-time = "2025-09-27T18:37:11.547Z" },
    { url = "https://files.pythonhosted.org/packages/9a/a7/591f592afdc734f47db08a75793a55d7fbcc6902a723ae4cfbab61010cc5/markupsafe-3.0.3-cp314-cp314-musllinux_1_2_aarch64.whl", hash = "sha256:ec15a59cf5af7be74194f7ab02d0f59a62bdcf1a537677ce67a2537c9b87fcda", size = 23821, upload-time = "2025-09-27T18:37:12.48Z" },
    { url = "https://files.pythonhosted.org/packages/7d/33/45b24e4f44195b26521bc6f1a82197118f74df348556594bd2262bda1038/markupsafe-3.0.3-cp314-cp314-musllinux_1_2_riscv64.whl", hash = "sha256:0eb9ff8191e8498cca014656ae6b8d61f39da5f95b488805da4bb029cccbfbaf", size = 21606, upload-time = "2025-09-27T18:37:13.485Z" },
    { url = "https://files.pythonhosted.org/packages/ff/0e/53dfaca23a69fbfbbf17a4b64072090e70717344c52eaaaa9c5ddff1e5f0/markupsafe-3.0.3-cp314-cp314-musllinux_1_2_x86_64.whl", hash = "sha256:2713baf880df847f2bece4230d4d094280f4e67b1e813eec43b4c0e144a34ffe", size = 23043, upload-time = "2025-09-27T18:37:14.408Z" },
    { url = "https://files.pythonhosted.org/packages/46/11/f333a06fc16236d5238bfe74daccbca41459dcd8d1fa952e8fbd5dccfb70/markupsafe-3.0.3-cp314-cp314-win32.whl", hash = "sha256:729586769a26dbceff69f7a7dbbf59ab6572b99d94576a5592625d5b411576b9", size = 14747, upload-time = "2025-09-27T18:37:15.36Z" },
    { url = "https://files.pythonhosted.org/packages/28/52/182836104b33b444e400b14f797212f720cbc9ed6ba34c800639d154e821/markupsafe-3.0.3-cp314-cp314-win_amd64.whl", hash = "sha256:bdc919ead48f234740ad807933cdf545180bfbe9342c2bb451556db2ed958581", size = 15341, upload-time = "2025-09-27T18:37:16.496Z" },
    { url = "https://files.pythonhosted.org/packages/6f/18/acf23e91bd94fd7b3031558b1f013adfa21a8e407a3fdb32745538730382/markupsafe-3.0.3-cp314-cp314-win_arm64.whl", hash = "sha256:5a7d5dc5140555cf21a6fefbdbf8723f06fcd2f63ef108f2854de715e4422cb4", size = 14073, upload-time = "2025-09-27T18:37:17.476Z" },
    { url = "https://files.pythonhosted.org/packages/3c/f0/57689aa4076e1b43b15fdfa646b04653969d50cf30c32a102762be2485da/markupsafe-3.0.3-cp314-cp314t-macosx_10_13_x86_64.whl", hash = "sha256:1353ef0c1b138e1907ae78e2f6c63ff67501122006b0f9abad68fda5f4ffc6ab", size = 11661, upload-time = "2025-09-27T18:37:18.453Z" },
    { url = "https://files.pythonhosted.org/packages/89/c3/2e67a7ca217c6912985ec766c6393b636fb0c2344443ff9d91404dc4c79f/markupsafe-3.0.3-cp314-cp314t-macosx_11_0_arm64.whl", hash = "sha256:1085e7fbddd3be5f89cc898938f42c0b3c711fdcb37d75221de2666af647c175", size = 12069, upload-time = "2025-09-27T18:37:19.332Z" },
    { url = "https://files.pythonhosted.org/packages/f0/00/be561dce4e6ca66b15276e184ce4b8aec61fe83662cce2f7d72bd3249d28/markupsafe-3.0.3-cp314-cp314t-manylinux2014_aarch64.manylinux_2_17_aarch64.manylinux_2_28_aarch64.whl", hash = "sha256:1b52b4fb9df4eb9ae465f8d0c228a00624de2334f216f178a995ccdcf82c4634", size = 25670, upload-time = "2025-09-27T18:37:20.245Z" },
    { url = "https://files.pythonhosted.org/packages/50/09/c419f6f5a92e5fadde27efd190eca90f05e1261b10dbd8cbcb39cd8ea1dc/markupsafe-3.0.3-cp314-cp314t-manylinux2014_x86_64.manylinux_2_17_x86_64.manylinux_2_28_x86_64.whl", hash = "sha256:fed51ac40f757d41b7c48425901843666a6677e3e8eb0abcff09e4ba6e664f50", size = 23598, upload-time = "2025-09-27T18:37:21.177Z" },
    { url = "https://files.pythonhosted.org/packages/22/44/a0681611106e0b2921b3033fc19bc53323e0b50bc70cffdd19f7d679bb66/markupsafe-3.0.3-cp314-cp314t-manylinux_2_31_riscv64.manylinux_2_39_riscv64.whl", hash = "sha256:f190daf01f13c72eac4efd5c430a8de82489d9cff23c364c3ea822545032993e", size = 23261, upload-time = "2025-09-27T18:37:22.167Z" },
    { url = "https://files.pythonhosted.org/packages/5f/57/1b0b3f100259dc9fffe780cfb60d4be71375510e435efec3d116b6436d43/markupsafe-3.0.3-cp314-cp314t-musllinux_1_2_aarch64.whl", hash = "sha256:e56b7d45a839a697b5eb268c82a71bd8c7f6c94d6fd50c3d577fa39a9f1409f5", size = 24835, upload-time = "2025-09-27T18:37:23.296Z" },
    { url = "https://files.pythonhosted.org/packages/26/6a/4bf6d0c97c4920f1597cc14dd720705eca0bf7c787aebc6bb4d1bead5388/markupsafe-3.0.3-cp314-cp314t-musllinux_1_2_riscv64.whl", hash = "sha256:f3e98bb3798ead92273dc0e5fd0f31ade220f59a266ffd8a4f6065e0a3ce0523", size = 22733, upload-time = "2025-09-27T18:37:24.237Z" },
    { url = "https://files.pythonhosted.org/packages/14/c7/ca723101509b518797fedc2fdf79ba57f886b4aca8a7d31857ba3ee8281f/markupsafe-3.0.3-cp314-cp314t-musllinux_1_2_x86_64.whl", hash = "sha256:5678211cb9333a6468fb8d8be0305520aa073f50d17f089b5b4b477ea6e67fdc", size = 23672, upload-time = "2025-09-27T18:37:25.271Z" },
    { url = "https://files.pythonhosted.org/packages/fb/df/5bd7a48c256faecd1d36edc13133e51397e41b73bb77e1a69deab746ebac/markupsafe-3.0.3-cp314-cp314t-win32.whl", hash = "sha256:915c04ba3851909ce68ccc2b8e2cd691618c4dc4c4232fb7982bca3f41fd8c3d", size = 14819, upload-time = "2025-09-27T18:37:26.285Z" },
    { url = "https://files.pythonhosted.org/packages/1a/8a/0402ba61a2f16038b48b39bccca271134be00c5c9f0f623208399333c448/markupsafe-3.0.3-cp314-cp314t-win_amd64.whl", hash = "sha256:4faffd047e07c38848ce017e8725090413cd80cbc23d86e55c587bf979e579c9", size = 15426, upload-time = "2025-09-27T18:37:27.316Z" },
    { url = "https://files.pythonhosted.org/packages/70/bc/6f1c2f612465f5fa89b95bead1f44dcb607670fd42891d8fdcd5d039f4f4/markupsafe-3.0.3-cp314-cp314t-win_arm64.whl", hash = "sha256:32001d6a8fc98c8cb5c947787c5d08b0a50663d139f1305bac5885d98d9b40fa", size = 14146, upload-time = "2025-09-27T18:37:28.327Z" },
]

[[package]]
name = "pastedeploy"
version = "3.1.0"
source = { registry = "https://pypi.org/simple" }
sdist = { url = "https://files.pythonhosted.org/packages/e3/97/0c4a613ec96a54d21daa7e089178263915554320402e89b4e319436a63cb/PasteDeploy-3.1.0.tar.gz", hash = "sha256:9ddbaf152f8095438a9fe81f82c78a6714b92ae8e066bed418b6a7ff6a095a95", size = 37841, upload-time = "2023-11-21T04:54:33.203Z" }
wheels = [
    { url = "https://files.pythonhosted.org/packages/85/30/cdddd9a88969683a59222a6d61cd6dce923977f2e9f9ffba38e1324149cd/PasteDeploy-3.1.0-py3-none-any.whl", hash = "sha256:76388ad53a661448d436df28c798063108f70e994ddc749540d733cdbd1b38cf", size = 16943, upload-time = "2023-11-21T04:54:28.226Z" },
]

[[package]]
name = "plaster"
version = "1.1.2"
source = { registry = "https://pypi.org/simple" }
sdist = { url = "https://files.pythonhosted.org/packages/26/93/66df0f87f1442d8afea8531ae8a4a9eca656006a54eac2b4489427e92c10/plaster-1.1.2.tar.gz", hash = "sha256:f8befc54bf8c1147c10ab40297ec84c2676fa2d4ea5d6f524d9436a80074ef98", size = 33232, upload-time = "2022-11-21T01:44:54.49Z" }
wheels = [
    { url = "https://files.pythonhosted.org/packages/e7/8b/3f98db1448e3b4d2d142716874a7e02f6101685fdaa0f55a8668e9ffa048/plaster-1.1.2-py2.py3-none-any.whl", hash = "sha256:42992ab1f4865f1278e2ad740e8ad145683bb4022e03534265528f0c23c0df2d", size = 11554, upload-time = "2022-11-21T01:44:52.984Z" },
]

[[package]]
name = "plaster-pastedeploy"
version = "1.0.1"
source = { registry = "https://pypi.org/simple" }
dependencies = [
    { name = "pastedeploy" },
    { name = "plaster" },
]
sdist = { url = "https://files.pythonhosted.org/packages/c7/af/01a22f73ce97c6375c88d7ceaf6f5f4f345e940da93c94f98833d898a449/plaster_pastedeploy-1.0.1.tar.gz", hash = "sha256:be262e6d2e41a7264875daa2fe2850cbb0615728bcdc92828fdc72736e381412", size = 20915, upload-time = "2022-11-07T01:23:05.348Z" }
wheels = [
    { url = "https://files.pythonhosted.org/packages/bd/30/2d4cf89035c22a89bf0e34dbc50fdc07c42c9bdc90fd972d495257ad2b6e/plaster_pastedeploy-1.0.1-py2.py3-none-any.whl", hash = "sha256:ad3550cc744648969ed3b810f33c9344f515ee8d8a8cec18e8f2c4a643c2181f", size = 7823, upload-time = "2022-11-07T01:23:03.23Z" },
]

[[package]]
name = "pyramid"
version = "2.1"
source = { registry = "https://pypi.org/simple" }
dependencies = [
    { name = "hupper" },
    { name = "plaster" },
    { name = "plaster-pastedeploy" },
    { name = "setuptools" },
    { name = "translationstring" },
    { name = "venusian" },
    { name = "webob" },
    { name = "zope-deprecation" },
    { name = "zope-interface" },
]
sdist = { url = "https://files.pythonhosted.org/packages/7e/f3/05b49d8bbc6f4592f8820d9e306e20b0b4c266171f3455c737c49b4a7338/pyramid-2.1.tar.gz", hash = "sha256:5a24bc1b5f9e0f0d1c0b6ddd1111e84c15dac44a07e3c1d24e74dd9bb4fc22eb", size = 2628991, upload-time = "2026-03-11T01:23:59.642Z" }
wheels = [
    { url = "https://files.pythonhosted.org/packages/1f/d4/03a8f9b60b8f2a9198c962d08fd9b657c1c0797cbbde3793babbad200845/pyramid-2.1-py3-none-any.whl", hash = "sha256:0aa62604221f6a8ac6e77a0faa02a5b7a294d6675f15581d8d416dffe2ac98e7", size = 243407, upload-time = "2026-03-11T01:23:56.896Z" },
]

[[package]]
name = "python-socket-server-lab"
version = "0.1.0"
source = { virtual = "." }
dependencies = [
    { name = "flask" },
    { name = "pyramid" },
]

[package.metadata]
requires-dist = [
    { name = "flask", specifier = ">=3.0,<4" },
    { name = "pyramid", specifier = ">=2.0,<3" },
]

[[package]]
name = "setuptools"
version = "81.0.0"
source = { registry = "https://pypi.org/simple" }
sdist = { url = "https://files.pythonhosted.org/packages/0d/1c/73e719955c59b8e424d015ab450f51c0af856ae46ea2da83eba51cc88de1/setuptools-81.0.0.tar.gz", hash = "sha256:487b53915f52501f0a79ccfd0c02c165ffe06631443a886740b91af4b7a5845a", size = 1198299, upload-time = "2026-02-06T21:10:39.601Z" }
wheels = [
    { url = "https://files.pythonhosted.org/packages/e1/e3/c164c88b2e5ce7b24d667b9bd83589cf4f3520d97cad01534cd3c4f55fdb/setuptools-81.0.0-py3-none-any.whl", hash = "sha256:fdd925d5c5d9f62e4b74b30d6dd7828ce236fd6ed998a08d81de62ce5a6310d6", size = 1062021, upload-time = "2026-02-06T21:10:37.175Z" },
]

[[package]]
name = "translationstring"
version = "1.4"
source = { registry = "https://pypi.org/simple" }
sdist = { url = "https://files.pythonhosted.org/packages/14/39/32325add93da9439775d7fe4b4887eb7986dbc1d5675b0431f4531f560e5/translationstring-1.4.tar.gz", hash = "sha256:bf947538d76e69ba12ab17283b10355a9ecfbc078e6123443f43f2107f6376f3", size = 24199, upload-time = "2020-07-09T11:58:32.041Z" }
wheels = [
    { url = "https://files.pythonhosted.org/packages/3b/98/36187601a15e3d37e9bfcf0e0e1055532b39d044353b06861c3a519737a9/translationstring-1.4-py2.py3-none-any.whl", hash = "sha256:5f4dc4d939573db851c8d840551e1a0fb27b946afe3b95aafc22577eed2d6262", size = 15028, upload-time = "2020-07-09T11:58:30.995Z" },
]

[[package]]
name = "venusian"
version = "3.1.1"
source = { registry = "https://pypi.org/simple" }
sdist = { url = "https://files.pythonhosted.org/packages/70/4c/eefa68085c555dc11e6744b9c6fbe5966b1c9378c47267776a448923e9a5/venusian-3.1.1.tar.gz", hash = "sha256:534fb3b355669283eb3954581931e5d1d071fce61d029d58f3219a5e3a6f0c41", size = 39269, upload-time = "2024-12-02T02:35:04.033Z" }
wheels = [
    { url = "https://files.pythonhosted.org/packages/5a/4b/34d926eba40db81b204066a60b4efdc5d8867a8efcbfe44d69b634b1c907/venusian-3.1.1-py3-none-any.whl", hash = "sha256:0845808a985976acbceaa1fbb871c7fac4fb28ae75453232970e9c2c2866dbf4", size = 14026, upload-time = "2024-12-02T02:35:03.056Z" },
]

[[package]]
name = "webob"
version = "1.8.10"
source = { registry = "https://pypi.org/simple" }
dependencies = [
    { name = "legacy-cgi", marker = "python_full_version >= '3.13'" },
]
sdist = { url = "https://files.pythonhosted.org/packages/58/f9/974eafebfd0bd442b8848899fe7d30675c93f750c313e1a6fe61acbde1e3/webob-1.8.10.tar.gz", hash = "sha256:1c963a11f307bc3f624fbab9dde737701eae255f32981b7a5486a88db1767c2b", size = 280796, upload-time = "2026-06-02T19:56:47.268Z" }
wheels = [
    { url = "https://files.pythonhosted.org/packages/83/21/fce134877fb6fc6ad3c464e4a07ede0ee9219f705d26a981ae58ea36ca13/webob-1.8.10-py2.py3-none-any.whl", hash = "sha256:e68ad87fda378191081965ab02a185391c26e4e926adec855c3b0286a8369d49", size = 115825, upload-time = "2026-06-02T19:56:44.765Z" },
]

[[package]]
name = "werkzeug"
version = "3.1.8"
source = { registry = "https://pypi.org/simple" }
dependencies = [
    { name = "markupsafe" },
]
sdist = { url = "https://files.pythonhosted.org/packages/dd/b2/381be8cfdee792dd117872481b6e378f85c957dd7c5bca38897b08f765fd/werkzeug-3.1.8.tar.gz", hash = "sha256:9bad61a4268dac112f1c5cd4630a56ede601b6ed420300677a869083d70a4c44", size = 875852, upload-time = "2026-04-02T18:49:14.268Z" }
wheels = [
    { url = "https://files.pythonhosted.org/packages/93/8c/2e650f2afeb7ee576912636c23ddb621c91ac6a98e66dc8d29c3c69446e1/werkzeug-3.1.8-py3-none-any.whl", hash = "sha256:63a77fb8892bf28ebc3178683445222aa500e48ebad5ec77b0ad80f8726b1f50", size = 226459, upload-time = "2026-04-02T18:49:12.72Z" },
]

[[package]]
name = "zope-deprecation"
version = "6.0"
source = { registry = "https://pypi.org/simple" }
dependencies = [
    { name = "setuptools" },
]
sdist = { url = "https://files.pythonhosted.org/packages/56/05/8eaa04876e1fde656f1bfd8f62a4140d7ac23bcf16db67dd4036698dae1f/zope_deprecation-6.0.tar.gz", hash = "sha256:18727ebda8e63a6d4bd28a290e8b46852e9f14473debb5cc40a0a2dccfadf15f", size = 24480, upload-time = "2025-09-12T07:06:06.779Z" }
wheels = [
    { url = "https://files.pythonhosted.org/packages/e9/ed/da7f8b1c73caf989a0ff7096cc73c59e6c36f35a8f967c51104098602e2d/zope_deprecation-6.0-py3-none-any.whl", hash = "sha256:ff72d51c88b516b9ddf2cfb826381cc49f99a6a89b7d35c97faca7bee3b46da6", size = 9512, upload-time = "2025-09-12T07:06:05.847Z" },
]

[[package]]
name = "zope-interface"
version = "8.5"
source = { registry = "https://pypi.org/simple" }
sdist = { url = "https://files.pythonhosted.org/packages/08/dc/50550cfcbb2ea3cbca5f1d7ed05c8aa840f831a0f2d63aec0a953f7c590e/zope_interface-8.5.tar.gz", hash = "sha256:7a3ba1c5877f0f3e3906b02ddf793abed2becc2948116414ce0e1dd820b68d6d", size = 257957, upload-time = "2026-05-26T06:50:14.574Z" }
wheels = [
    { url = "https://files.pythonhosted.org/packages/97/cc/b84123a948f3162a34623e188922827cd845244fdd043ed20f8d02228caa/zope_interface-8.5-cp312-cp312-macosx_10_9_x86_64.whl", hash = "sha256:8e6ee90c2e6de7c37058d5fa41f123c8b13a312db8d1e0fb5840d7f4bcdff9c9", size = 212165, upload-time = "2026-05-26T06:49:26.566Z" },
    { url = "https://files.pythonhosted.org/packages/4e/78/cbceec44f1b27208a76c1a688c131302685852406a23df5aab68324109cc/zope_interface-8.5-cp312-cp312-macosx_11_0_arm64.whl", hash = "sha256:c1adc90d3576b3b4c4de4953e6002c37bef28b78d7fa54c1bbfd0c50f022fe7c", size = 212341, upload-time = "2026-05-26T06:49:28.182Z" },
    { url = "https://files.pythonhosted.org/packages/e1/c3/005032195ff3b210c139b7c560ed5c534e844b0907d8e44d2b3d8919305e/zope_interface-8.5-cp312-cp312-manylinux1_i686.manylinux2014_i686.manylinux_2_17_i686.manylinux_2_5_i686.whl", hash = "sha256:e6347b8d8d12c5eca6502450a92be30079b7acfade2c4f693efa0deb8871b06e", size = 265296, upload-time = "2026-05-26T06:49:29.741Z" },
    { url = "https://files.pythonhosted.org/packages/c5/66/1036543d6a66bc04c19df3cf650f3ad938a002ab0a443c24e23e8de5e8b9/zope_interface-8.5-cp312-cp312-manylinux1_x86_64.manylinux2014_x86_64.manylinux_2_17_x86_64.manylinux_2_5_x86_64.whl", hash = "sha256:5e970dabea777a24b0b0bbf9dae3ab75ce8b2d8e948edf4875627034b21f3560", size = 270689, upload-time = "2026-05-26T06:49:31.767Z" },
    { url = "https://files.pythonhosted.org/packages/30/4c/8b56259558cace4414e753ca6740396a1f59d4a95ddb55b4658600408670/zope_interface-8.5-cp312-cp312-manylinux2014_aarch64.manylinux_2_17_aarch64.whl", hash = "sha256:f0b48ccadaa9839e09ff81e969703cecb3f402c813bfe8b958652e699bea69f5", size = 270280, upload-time = "2026-05-26T06:49:33.489Z" },
    { url = "https://files.pythonhosted.org/packages/f9/ea/649908c83aa8fdb7faf2ddca4d3cf6fb8f2157121267dc56e8f72681e26c/zope_interface-8.5-cp312-cp312-win_amd64.whl", hash = "sha256:e0e311f1277468c08fd59a2b41f71b43d25dff639789d364747acd1705c0df6e", size = 215019, upload-time = "2026-05-26T06:49:35.607Z" },
    { url = "https://files.pythonhosted.org/packages/9f/97/da13037b4c563e4df32eedbc819f8c00b754af494f68211e3dffd48d52da/zope_interface-8.5-cp312-cp312-win_arm64.whl", hash = "sha256:652b73107a04159ec6c020db6c1543d4f1e8f4d069bd2aac88a947820923517b", size = 213569, upload-time = "2026-05-26T06:49:37.317Z" },
    { url = "https://files.pythonhosted.org/packages/f4/8c/4c15755d701f2ec0e80d64a18e1ebaf5be2c584c0ec153fd516f5d13eada/zope_interface-8.5-cp313-cp313-macosx_10_9_x86_64.whl", hash = "sha256:28e80457c134d1fa57a7d758004dece348654e1b1467ac22dcdc20fc1d127c52", size = 212512, upload-time = "2026-05-26T06:49:38.996Z" },
    { url = "https://files.pythonhosted.org/packages/9a/2e/4360c54c465db042cc8fbeeec92abac28b4cedbf6ba63c1f092fd08a190f/zope_interface-8.5-cp313-cp313-macosx_11_0_arm64.whl", hash = "sha256:09495ce9d559c06b70f2d4855b3e4f48a822a9ddc8be1d30c5b4e5be14ae1ace", size = 212541, upload-time = "2026-05-26T06:49:41.186Z" },
    { url = "https://files.pythonhosted.org/packages/aa/a5/692a2b8d70f78e848793231d5fae5fecbf8d0cccd73430fdc34802a6d3c1/zope_interface-8.5-cp313-cp313-manylinux1_i686.manylinux2014_i686.manylinux_2_17_i686.manylinux_2_5_i686.whl", hash = "sha256:7849ad8fa90763cc1087f4dda78ca3a233e950b3e08fac7079297c9cafbbd7bb", size = 265191, upload-time = "2026-05-26T06:49:43.449Z" },
    { url = "https://files.pythonhosted.org/packages/70/8d/454a9cfc7a050c394ab4f11b3371f7897828b7415e096afff724637e65e0/zope_interface-8.5-cp313-cp313-manylinux1_x86_64.manylinux2014_x86_64.manylinux_2_17_x86_64.manylinux_2_5_x86_64.whl", hash = "sha256:5578c9421ca409a1f39f153d6f7803e4cde01da592ec75a9ac5e1b777d18d33b", size = 270626, upload-time = "2026-05-26T06:49:45.425Z" },
    { url = "https://files.pythonhosted.org/packages/51/8c/db8409cfa3575b8e9b4800babd7d49f8228433cd1f0c56814bd0ada49c33/zope_interface-8.5-cp313-cp313-manylinux2014_aarch64.manylinux_2_17_aarch64.whl", hash = "sha256:e1bd7d96b4ca5fa311f54c9eac16dce4886b428c1531dbe06067763ccdf123b4", size = 270444, upload-time = "2026-05-26T06:49:47.025Z" },
    { url = "https://files.pythonhosted.org/packages/4a/df/a386940e41469ef615e100a216d8b386521e9e598817147f87932ca203c4/zope_interface-8.5-cp313-cp313-win_amd64.whl", hash = "sha256:0c8123d2a4dfde2a613c7cb772605477724782c20bc2e0ad1d9435376a6a44a3", size = 215021, upload-time = "2026-05-26T06:49:48.478Z" },
    { url = "https://files.pythonhosted.org/packages/89/75/477eb5669b6b2a7a843decd1a075e9b1971a8720017654143a7183abd3d9/zope_interface-8.5-cp313-cp313-win_arm64.whl", hash = "sha256:6d02be14f3173c6c7288bc2fdf530090c01c3cf8764ad46c68024686f364278e", size = 213610, upload-time = "2026-05-26T06:49:50.01Z" },
    { url = "https://files.pythonhosted.org/packages/d4/19/5032e954827fdf02db2d2f49737ac4378bb9cfc2cd95a8f2e2a5ae2ec01a/zope_interface-8.5-cp314-cp314-macosx_10_9_x86_64.whl", hash = "sha256:ffaecf013251a89d0de6feb49a46eba48ad8cbbf8a40aeb6045e459e7bec6784", size = 212597, upload-time = "2026-05-26T06:49:51.63Z" },
    { url = "https://files.pythonhosted.org/packages/f1/53/3ef644012cf8a6a234a2d6134aab5a5c65ac5467c86296865501d4fbc406/zope_interface-8.5-cp314-cp314-macosx_11_0_arm64.whl", hash = "sha256:126fa9d1c52295ae076d4cf968634f0a1826afa408a20808b57ff72877b8f69f", size = 212626, upload-time = "2026-05-26T06:49:53.236Z" },
    { url = "https://files.pythonhosted.org/packages/32/67/bc8b4f465d388039255003e230c284a175cedf1203c692f23cb7bff64efe/zope_interface-8.5-cp314-cp314-manylinux1_i686.manylinux2014_i686.manylinux_2_17_i686.manylinux_2_5_i686.whl", hash = "sha256:3090e3a663d20194756a59a272e0c8508b889341e31d5894223331fe6b4f9b21", size = 266827, upload-time = "2026-05-26T06:49:54.873Z" },
    { url = "https://files.pythonhosted.org/packages/a7/eb/37d05b935ede53d79690fecc8d201440084418e590bcfc05f384451c7593/zope_interface-8.5-cp314-cp314-manylinux1_x86_64.manylinux2014_x86_64.manylinux_2_17_x86_64.manylinux_2_5_x86_64.whl", hash = "sha256:9342fb74e2afefdb081bf1df727d209ea56995c6e13f5a0540e6d7aff4beafb8", size = 270139, upload-time = "2026-05-26T06:49:57.116Z" },
    { url = "https://files.pythonhosted.org/packages/8b/0b/fd0c54579e2ce8dc6cf1a757903f3374bc6fbda929a46af9e0f53cb0e5f0/zope_interface-8.5-cp314-cp314-manylinux2014_aarch64.manylinux_2_17_aarch64.whl", hash = "sha256:6c54725d818f1b57a7efb8b16528326e1f3c257b602b32393fd255c45af8799d", size = 270338, upload-time = "2026-05-26T06:49:58.698Z" },
    { url = "https://files.pythonhosted.org/packages/c1/1d/c420dcd777bb761067ea92879ac766694a5ca78608185f1aecea64cbfc11/zope_interface-8.5-cp314-cp314-win_amd64.whl", hash = "sha256:29d74febbae1afeb6834c4ccbf42e242a673c860060f09e53142825270456140", size = 215789, upload-time = "2026-05-26T06:50:00.405Z" },
    { url = "https://files.pythonhosted.org/packages/62/94/50b5eb8f94e527edceac14f9955e58917424ea79bb572ddc18548561cbc2/zope_interface-8.5-cp314-cp314-win_arm64.whl", hash = "sha256:633c8c49396f38df030340797c533e9fe460d1b5d1e42d88e55e938e525f548c", size = 213757, upload-time = "2026-05-26T06:50:01.973Z" },
    { url = "https://files.pythonhosted.org/packages/17/6f/5d5f32c4dfcdb16ce2ec5363da686840f13c13e1a1214cb70b49e1cd6d9f/zope_interface-8.5-cp314-cp314t-macosx_10_9_x86_64.whl", hash = "sha256:133999820fdbae513c36c03d6f29ef87317aaa3edef39112222b155083664714", size = 213591, upload-time = "2026-05-26T06:50:03.529Z" },
    { url = "https://files.pythonhosted.org/packages/f3/55/de0c3459ff717fce3342f9a29464c281fdeb0d36c3171ee88d119d5f0650/zope_interface-8.5-cp314-cp314t-macosx_11_0_arm64.whl", hash = "sha256:8bd75c96966e573232f0599deaff717564828031c7f05563ccc1ac35c5ee0304", size = 213733, upload-time = "2026-05-26T06:50:05.101Z" },
    { url = "https://files.pythonhosted.org/packages/c2/95/d97430abd5ae9677e8b9295b58720c0064a5b557dbb6b8bf5928484cf0d8/zope_interface-8.5-cp314-cp314t-manylinux1_i686.manylinux2014_i686.manylinux_2_17_i686.manylinux_2_5_i686.whl", hash = "sha256:14b0e9799351d4c34fe99afd67f0cdd76e55ba15c66a98699d5fc22ea8241e08", size = 294905, upload-time = "2026-05-26T06:50:07.384Z" },
    { url = "https://files.pythonhosted.org/packages/41/ec/a0f8f3dad6e74992f4654bdd94802be0929eabca7b871cac3b6fbb5e961b/zope_interface-8.5-cp314-cp314t-manylinux1_x86_64.manylinux2014_x86_64.manylinux_2_17_x86_64.manylinux_2_5_x86_64.whl", hash = "sha256:0cd6a732ac84b94eb1ef9222a117347a27efd294ee16810ffdf7ecd307677ed5", size = 300885, upload-time = "2026-05-26T06:50:08.997Z" },
    { url = "https://files.pythonhosted.org/packages/0f/da/6881b48803a0ee8d23eb5efa30fce3ed218a2bd9de5758ce489d224fee81/zope_interface-8.5-cp314-cp314t-manylinux2014_aarch64.manylinux_2_17_aarch64.whl", hash = "sha256:798b7c87d0e59a7d5d086d642208d0d8700ff0d55c4029134b3c479c3bfb110f", size = 304672, upload-time = "2026-05-26T06:50:10.563Z" },
    { url = "https://files.pythonhosted.org/packages/2e/0e/b4c01320859ff1d585438bc231fd60bd258d096359bccf6654fecdf0cffb/zope_interface-8.5-cp314-cp314t-win_amd64.whl", hash = "sha256:0fc3a9d45f114d27eaa1e53beeb144533689edca8a9f66505b1e8e8b3f075e42", size = 217241, upload-time = "2026-05-26T06:50:12.171Z" },
]
